
Microsoft Visual Studio Solution File, Format Version 12.00
# Visual Studio 15
VisualStudioVersion = 15.0.26430.6
MinimumVisualStudioVersion = 10.0.40219.1
Project("{FAE04EC0-301F-11D3-BF4B-00C04F79EFBC}") = "Appccelerate.StateMachine.Facts", "Appccelerate.StateMachine.Facts\Appccelerate.StateMachine.Facts.csproj", "{F206C6F3-01CD-4D81-8C2A-C1AB4AC8100E}"
EndProject
Project("{FAE04EC0-301F-11D3-BF4B-00C04F79EFBC}") = "Appccelerate.StateMachine.Specs", "Appccelerate.StateMachine.Specs\Appccelerate.StateMachine.Specs.csproj", "{B6DC7BA9-3729-45A4-AAD6-8E38F0C033F0}"
EndProject
Project("{FAE04EC0-301F-11D3-BF4B-00C04F79EFBC}") = "Appccelerate.StateMachine", "Appccelerate.StateMachine\Appccelerate.StateMachine.csproj", "{3B998204-8D0E-413D-B2C1-6F0E5C5E0E1C}"
EndProject
Project("{FAE04EC0-301F-11D3-BF4B-00C04F79EFBC}") = "Appccelerate.StateMachine.Samples", "Appccelerate.StateMachine.Samples\Appccelerate.StateMachine.Samples.csproj", "{A3317C84-EF68-45AD-9F91-E6412BDB85EE}"
EndProject
Global
	GlobalSection(SolutionConfigurationPlatforms) = preSolution
		Debug|Any CPU = Debug|Any CPU
		Release|Any CPU = Release|Any CPU
	EndGlobalSection
	GlobalSection(ProjectConfigurationPlatforms) = postSolution
		{F206C6F3-01CD-4D81-8C2A-C1AB4AC8100E}.Debug|Any CPU.ActiveCfg = Debug|Any CPU
		{F206C6F3-01CD-4D81-8C2A-C1AB4AC8100E}.Debug|Any CPU.Build.0 = Debug|Any CPU
		{F206C6F3-01CD-4D81-8C2A-C1AB4AC8100E}.Release|Any CPU.ActiveCfg = Release|Any CPU
		{F206C6F3-01CD-4D81-8C2A-C1AB4AC8100E}.Release|Any CPU.Build.0 = Release|Any CPU
		{B6DC7BA9-3729-45A4-AAD6-8E38F0C033F0}.Debug|Any CPU.ActiveCfg = Debug|Any CPU
		{B6DC7BA9-3729-45A4-AAD6-8E38F0C033F0}.Debug|Any CPU.Build.0 = Debug|Any CPU
		{B6DC7BA9-3729-45A4-AAD6-8E38F0C033F0}.Release|Any CPU.ActiveCfg = Release|Any CPU
		{B6DC7BA9-3729-45A4-AAD6-8E38F0C033F0}.Release|Any CPU.Build.0 = Release|Any CPU
		{3B998204-8D0E-413D-B2C1-6F0E5C5E0E1C}.Debug|Any CPU.ActiveCfg = Debug|Any CPU
		{3B998204-8D0E-413D-B2C1-6F0E5C5E0E1C}.Debug|Any CPU.Build.0 = Debug|Any CPU
		{3B998204-8D0E-413D-B2C1-6F0E5C5E0E1C}.Release|Any CPU.ActiveCfg = Release|Any CPU
		{3B998204-8D0E-413D-B2C1-6F0E5C5E0E1C}.Release|Any CPU.Build.0 = Release|Any CPU
		{A3317C84-EF68-45AD-9F91-E6412BDB85EE}.Debug|Any CPU.ActiveCfg = Debug|Any CPU
		{A3317C84-EF68-45AD-9F91-E6412BDB85EE}.Debug|Any CPU.Build.0 = Debug|Any CPU
		{A3317C84-EF68-45AD-9F91-E6412BDB85EE}.Release|Any CPU.ActiveCfg = Release|Any CPU
		{A3317C84-EF68-45AD-9F91-E6412BDB85EE}.Release|Any CPU.Build.0 = Release|Any CPU
	EndGlobalSection
	GlobalSection(SolutionProperties) = preSolution
		HideSolutionNode = FALSE
	EndGlobalSection
EndGlobal
